
Microsoft Visual Studio Solution File, Format Version 12.00
# Visual Studio Version 17
VisualStudioVersion = 17.7.34221.43
MinimumVisualStudioVersion = 10.0.40219.1
Project("{9A19103F-16F7-4668-BE54-9A1E7A4F7556}") = "LibraryManagement.WebApi", "LibraryManagement.WebApi\LibraryManagement.WebApi.csproj", "{D363BED5-1B0C-4F93-948A-36D5069EAD3A}"
EndProject
Project("{2150E333-8FDC-42A3-9474-1A3956D46DE8}") = "App", "App", "{71BD4E0B-A872-4D4D-A85E-DE287DDCAC8B}"
EndProject
Project("{2150E333-8FDC-42A3-9474-1A3956D46DE8}") = "Business", "Business", "{0C174B5F-4328-49B3-BC22-BCCCFF7DF504}"
EndProject
Project("{2150E333-8FDC-42A3-9474-1A3956D46DE8}") = "Domain", "Domain", "{34B81B40-1E1C-42E3-9FF3-589C97DEEDBE}"
EndProject
Project("{2150E333-8FDC-42A3-9474-1A3956D46DE8}") = "Services", "Services", "{374F4961-72C9-4B3F-9534-0F025A501413}"
EndProject
Project("{2150E333-8FDC-42A3-9474-1A3956D46DE8}") = "Tests", "Tests", "{4B84086A-4188-482B-98D4-8AB58B6022EE}"
EndProject
Project("{9A19103F-16F7-4668-BE54-9A1E7A4F7556}") = "LibraryManagement.Business", "LibraryManagement.Business\LibraryManagement.Business.csproj", "{96BD5F17-4870-4933-A1FD-A517E07D251B}"
EndProject
Project("{9A19103F-16F7-4668-BE54-9A1E7A4F7556}") = "LibraryManagement.Domain", "LibraryManagement.Domain\LibraryManagement.Domain.csproj", "{2B9C6828-3BB2-4E01-8FBD-6EA6A0707355}"
EndProject
Project("{2150E333-8FDC-42A3-9474-1A3956D46DE8}") = "Common", "Common", "{D01DA8AD-3FF6-4B5B-A9DC-9585DFFF042E}"
EndProject
Project("{9A19103F-16F7-4668-BE54-9A1E7A4F7556}") = "LibraryManagement.Common", "LibraryManagement.Common\LibraryManagement.Common.csproj", "{B79C4546-BFC7-453D-9A5A-6374923A0FAA}"
EndProject
Project("{9A19103F-16F7-4668-BE54-9A1E7A4F7556}") = "LibraryManagement.BorrowingGrpcService", "LibraryManagement.BorrowingGrpcService\LibraryManagement.BorrowingGrpcService.csproj", "{DCA49BCA-A0E4-4F7E-B6F2-6516522601F5}"
EndProject
Project("{FAE04EC0-301F-11D3-BF4B-00C04F79EFBC}") = "LibraryManagement.UserGrpcService", "LibraryManagement.UserGrpcService\LibraryManagement.UserGrpcService.csproj", "{13DED230-B891-411E-B9F0-789A9C4CDB7F}"
EndProject
Project("{FAE04EC0-301F-11D3-BF4B-00C04F79EFBC}") = "LibraryManagement.AssetsGRPCService", "LibraryManagement.AssetsGRPCService\LibraryManagement.AssetsGRPCService.csproj", "{0F1B6275-BFD0-4B77-BAA1-A7E53D539AEE}"
EndProject
Global
	GlobalSection(SolutionConfigurationPlatforms) = preSolution
		Debug|Any CPU = Debug|Any CPU
		Release|Any CPU = Release|Any CPU
	EndGlobalSection
	GlobalSection(ProjectConfigurationPlatforms) = postSolution
		{D363BED5-1B0C-4F93-948A-36D5069EAD3A}.Debug|Any CPU.ActiveCfg = Debug|Any CPU
		{D363BED5-1B0C-4F93-948A-36D5069EAD3A}.Debug|Any CPU.Build.0 = Debug|Any CPU
		{D363BED5-1B0C-4F93-948A-36D5069EAD3A}.Release|Any CPU.ActiveCfg = Release|Any CPU
		{D363BED5-1B0C-4F93-948A-36D5069EAD3A}.Release|Any CPU.Build.0 = Release|Any CPU
		{96BD5F17-4870-4933-A1FD-A517E07D251B}.Debug|Any CPU.ActiveCfg = Debug|Any CPU
		{96BD5F17-4870-4933-A1FD-A517E07D251B}.Debug|Any CPU.Build.0 = Debug|Any CPU
		{96BD5F17-4870-4933-A1FD-A517E07D251B}.Release|Any CPU.ActiveCfg = Release|Any CPU
		{96BD5F17-4870-4933-A1FD-A517E07D251B}.Release|Any CPU.Build.0 = Release|Any CPU
		{2B9C6828-3BB2-4E01-8FBD-6EA6A0707355}.Debug|Any CPU.ActiveCfg = Debug|Any CPU
		{2B9C6828-3BB2-4E01-8FBD-6EA6A0707355}.Debug|Any CPU.Build.0 = Debug|Any CPU
		{2B9C6828-3BB2-4E01-8FBD-6EA6A0707355}.Release|Any CPU.ActiveCfg = Release|Any CPU
		{2B9C6828-3BB2-4E01-8FBD-6EA6A0707355}.Release|Any CPU.Build.0 = Release|Any CPU
		{B79C4546-BFC7-453D-9A5A-6374923A0FAA}.Debug|Any CPU.ActiveCfg = Debug|Any CPU
		{B79C4546-BFC7-453D-9A5A-6374923A0FAA}.Debug|Any CPU.Build.0 = Debug|Any CPU
		{B79C4546-BFC7-453D-9A5A-6374923A0FAA}.Release|Any CPU.ActiveCfg = Release|Any CPU
		{B79C4546-BFC7-453D-9A5A-6374923A0FAA}.Release|Any CPU.Build.0 = Release|Any CPU
		{DCA49BCA-A0E4-4F7E-B6F2-6516522601F5}.Debug|Any CPU.ActiveCfg = Debug|Any CPU
		{DCA49BCA-A0E4-4F7E-B6F2-6516522601F5}.Debug|Any CPU.Build.0 = Debug|Any CPU
		{DCA49BCA-A0E4-4F7E-B6F2-6516522601F5}.Release|Any CPU.ActiveCfg = Release|Any CPU
		{DCA49BCA-A0E4-4F7E-B6F2-6516522601F5}.Release|Any CPU.Build.0 = Release|Any CPU
		{13DED230-B891-411E-B9F0-789A9C4CDB7F}.Debug|Any CPU.ActiveCfg = Debug|Any CPU
		{13DED230-B891-411E-B9F0-789A9C4CDB7F}.Debug|Any CPU.Build.0 = Debug|Any CPU
		{13DED230-B891-411E-B9F0-789A9C4CDB7F}.Release|Any CPU.ActiveCfg = Release|Any CPU
		{13DED230-B891-411E-B9F0-789A9C4CDB7F}.Release|Any CPU.Build.0 = Release|Any CPU
		{0F1B6275-BFD0-4B77-BAA1-A7E53D539AEE}.Debug|Any CPU.ActiveCfg = Debug|Any CPU
		{0F1B6275-BFD0-4B77-BAA1-A7E53D539AEE}.Debug|Any CPU.Build.0 = Debug|Any CPU
		{0F1B6275-BFD0-4B77-BAA1-A7E53D539AEE}.Release|Any CPU.ActiveCfg = Release|Any CPU
		{0F1B6275-BFD0-4B77-BAA1-A7E53D539AEE}.Release|Any CPU.Build.0 = Release|Any CPU
	EndGlobalSection
	GlobalSection(SolutionProperties) = preSolution
		HideSolutionNode = FALSE
	EndGlobalSection
	GlobalSection(NestedProjects) = preSolution
		{D363BED5-1B0C-4F93-948A-36D5069EAD3A} = {71BD4E0B-A872-4D4D-A85E-DE287DDCAC8B}
		{96BD5F17-4870-4933-A1FD-A517E07D251B} = {0C174B5F-4328-49B3-BC22-BCCCFF7DF504}
		{2B9C6828-3BB2-4E01-8FBD-6EA6A0707355} = {34B81B40-1E1C-42E3-9FF3-589C97DEEDBE}
		{B79C4546-BFC7-453D-9A5A-6374923A0FAA} = {D01DA8AD-3FF6-4B5B-A9DC-9585DFFF042E}
		{DCA49BCA-A0E4-4F7E-B6F2-6516522601F5} = {374F4961-72C9-4B3F-9534-0F025A501413}
		{13DED230-B891-411E-B9F0-789A9C4CDB7F} = {374F4961-72C9-4B3F-9534-0F025A501413}
		{0F1B6275-BFD0-4B77-BAA1-A7E53D539AEE} = {374F4961-72C9-4B3F-9534-0F025A501413}
	EndGlobalSection
	GlobalSection(ExtensibilityGlobals) = postSolution
		SolutionGuid = {18D4EBC3-8503-4335-B5E3-0EE6B3DBE07E}
	EndGlobalSection
EndGlobal
